
Microsoft Visual Studio Solution File, Format Version 12.00
# Visual Studio 2012
Project("{FAE04EC0-301F-11D3-BF4B-00C04F79EFBC}") = "MBAutoComplete", "MBAutoComplete\MBAutoComplete.csproj", "{02F8E7B6-25B5-4C10-90E3-B0EFE92EF071}"
EndProject
Project("{2150E333-8FDC-42A3-9474-1A3956D46DE8}") = "Sample", "Sample", "{C14743F1-6E71-475A-A849-E855F9A6294A}"
EndProject
Project("{FAE04EC0-301F-11D3-BF4B-00C04F79EFBC}") = "SampleViewController", "Sample\SampleViewController\SampleViewController.csproj", "{7D58E2DB-8D93-44A7-83EA-68BF79459E48}"
EndProject
Project("{FAE04EC0-301F-11D3-BF4B-00C04F79EFBC}") = "SampleTableViewController", "Sample\SampleTableViewController\SampleTableViewController.csproj", "{A4AA3F8D-8DF8-46C8-9ACC-C173C41C8918}"
EndProject
Global
	GlobalSection(SolutionConfigurationPlatforms) = preSolution
		Debug|Any CPU = Debug|Any CPU
		Release|Any CPU = Release|Any CPU
		Debug|iPhoneSimulator = Debug|iPhoneSimulator
		Release|iPhone = Release|iPhone
		Release|iPhoneSimulator = Release|iPhoneSimulator
		Debug|iPhone = Debug|iPhone
	EndGlobalSection
	GlobalSection(ProjectConfigurationPlatforms) = postSolution
		{02F8E7B6-25B5-4C10-90E3-B0EFE92EF071}.Debug|Any CPU.ActiveCfg = Debug|Any CPU
		{02F8E7B6-25B5-4C10-90E3-B0EFE92EF071}.Debug|Any CPU.Build.0 = Debug|Any CPU
		{02F8E7B6-25B5-4C10-90E3-B0EFE92EF071}.Release|Any CPU.ActiveCfg = Release|Any CPU
		{02F8E7B6-25B5-4C10-90E3-B0EFE92EF071}.Release|Any CPU.Build.0 = Release|Any CPU
		{02F8E7B6-25B5-4C10-90E3-B0EFE92EF071}.Debug|iPhoneSimulator.ActiveCfg = Debug|Any CPU
		{02F8E7B6-25B5-4C10-90E3-B0EFE92EF071}.Debug|iPhoneSimulator.Build.0 = Debug|Any CPU
		{02F8E7B6-25B5-4C10-90E3-B0EFE92EF071}.Release|iPhone.ActiveCfg = Release|Any CPU
		{02F8E7B6-25B5-4C10-90E3-B0EFE92EF071}.Release|iPhone.Build.0 = Release|Any CPU
		{02F8E7B6-25B5-4C10-90E3-B0EFE92EF071}.Release|iPhoneSimulator.ActiveCfg = Release|Any CPU
		{02F8E7B6-25B5-4C10-90E3-B0EFE92EF071}.Release|iPhoneSimulator.Build.0 = Release|Any CPU
		{02F8E7B6-25B5-4C10-90E3-B0EFE92EF071}.Debug|iPhone.ActiveCfg = Debug|Any CPU
		{02F8E7B6-25B5-4C10-90E3-B0EFE92EF071}.Debug|iPhone.Build.0 = Debug|Any CPU
		{7D58E2DB-8D93-44A7-83EA-68BF79459E48}.Debug|Any CPU.ActiveCfg = Debug|iPhoneSimulator
		{7D58E2DB-8D93-44A7-83EA-68BF79459E48}.Debug|Any CPU.Build.0 = Debug|iPhoneSimulator
		{7D58E2DB-8D93-44A7-83EA-68BF79459E48}.Release|Any CPU.ActiveCfg = Release|iPhone
		{7D58E2DB-8D93-44A7-83EA-68BF79459E48}.Release|Any CPU.Build.0 = Release|iPhone
		{7D58E2DB-8D93-44A7-83EA-68BF79459E48}.Debug|iPhoneSimulator.ActiveCfg = Debug|iPhoneSimulator
		{7D58E2DB-8D93-44A7-83EA-68BF79459E48}.Debug|iPhoneSimulator.Build.0 = Debug|iPhoneSimulator
		{7D58E2DB-8D93-44A7-83EA-68BF79459E48}.Release|iPhone.ActiveCfg = Release|iPhone
		{7D58E2DB-8D93-44A7-83EA-68BF79459E48}.Release|iPhone.Build.0 = Release|iPhone
		{7D58E2DB-8D93-44A7-83EA-68BF79459E48}.Release|iPhoneSimulator.ActiveCfg = Release|iPhoneSimulator
		{7D58E2DB-8D93-44A7-83EA-68BF79459E48}.Release|iPhoneSimulator.Build.0 = Release|iPhoneSimulator
		{7D58E2DB-8D93-44A7-83EA-68BF79459E48}.Debug|iPhone.ActiveCfg = Debug|iPhone
		{7D58E2DB-8D93-44A7-83EA-68BF79459E48}.Debug|iPhone.Build.0 = Debug|iPhone
		{A4AA3F8D-8DF8-46C8-9ACC-C173C41C8918}.Debug|Any CPU.ActiveCfg = Debug|iPhoneSimulator
		{A4AA3F8D-8DF8-46C8-9ACC-C173C41C8918}.Debug|Any CPU.Build.0 = Debug|iPhoneSimulator
		{A4AA3F8D-8DF8-46C8-9ACC-C173C41C8918}.Release|Any CPU.ActiveCfg = Release|iPhone
		{A4AA3F8D-8DF8-46C8-9ACC-C173C41C8918}.Release|Any CPU.Build.0 = Release|iPhone
		{A4AA3F8D-8DF8-46C8-9ACC-C173C41C8918}.Debug|iPhoneSimulator.ActiveCfg = Debug|iPhoneSimulator
		{A4AA3F8D-8DF8-46C8-9ACC-C173C41C8918}.Debug|iPhoneSimulator.Build.0 = Debug|iPhoneSimulator
		{A4AA3F8D-8DF8-46C8-9ACC-C173C41C8918}.Release|iPhone.ActiveCfg = Release|iPhone
		{A4AA3F8D-8DF8-46C8-9ACC-C173C41C8918}.Release|iPhone.Build.0 = Release|iPhone
		{A4AA3F8D-8DF8-46C8-9ACC-C173C41C8918}.Release|iPhoneSimulator.ActiveCfg = Release|iPhoneSimulator
		{A4AA3F8D-8DF8-46C8-9ACC-C173C41C8918}.Release|iPhoneSimulator.Build.0 = Release|iPhoneSimulator
		{A4AA3F8D-8DF8-46C8-9ACC-C173C41C8918}.Debug|iPhone.ActiveCfg = Debug|iPhone
		{A4AA3F8D-8DF8-46C8-9ACC-C173C41C8918}.Debug|iPhone.Build.0 = Debug|iPhone
	EndGlobalSection
	GlobalSection(NestedProjects) = preSolution
		{7D58E2DB-8D93-44A7-83EA-68BF79459E48} = {C14743F1-6E71-475A-A849-E855F9A6294A}
		{A4AA3F8D-8DF8-46C8-9ACC-C173C41C8918} = {C14743F1-6E71-475A-A849-E855F9A6294A}
	EndGlobalSection
EndGlobal
